
Microsoft Visual Studio Solution File, Format Version 12.00
# Visual Studio Version 16
VisualStudioVersion = 16.0.29519.87
MinimumVisualStudioVersion = 10.0.40219.1
Project("{FAE04EC0-301F-11D3-BF4B-00C04F79EFBC}") = "CTPHQ", "CTPHQ.csproj", "{BD40B0FD-4534-4F5F-A69A-694AE0BA1083}"
EndProject
Global
	GlobalSection(SolutionConfigurationPlatforms) = preSolution
		Debug|Any CPU = Debug|Any CPU
		Release|Any CPU = Release|Any CPU
	EndGlobalSection
	GlobalSection(ProjectConfigurationPlatforms) = postSolution
		{BD40B0FD-4534-4F5F-A69A-694AE0BA1083}.Debug|Any CPU.ActiveCfg = Debug|Any CPU
		{BD40B0FD-4534-4F5F-A69A-694AE0BA1083}.Debug|Any CPU.Build.0 = Debug|Any CPU
		{BD40B0FD-4534-4F5F-A69A-694AE0BA1083}.Release|Any CPU.ActiveCfg = Release|Any CPU
		{BD40B0FD-4534-4F5F-A69A-694AE0BA1083}.Release|Any CPU.Build.0 = Release|Any CPU
	EndGlobalSection
	GlobalSection(SolutionProperties) = preSolution
		HideSolutionNode = FALSE
	EndGlobalSection
	GlobalSection(ExtensibilityGlobals) = postSolution
		SolutionGuid = {52AC718D-51F8-4AC6-A122-5DA4ABA383E5}
	EndGlobalSection
EndGlobal
